// !$*UTF8*$!
{
	archiveVersion = 1;
	classes = {
	};
	objectVersion = 46;
	objects = {

/* Begin PBXBuildFile section */
		46D59BBB1C976261005A2A69 /* AppDelegate.swift in Sources */ = {isa = PBXBuildFile; fileRef = 46D59BBA1C976261005A2A69 /* AppDelegate.swift */; };
		46D59BBD1C976261005A2A69 /* ViewController.swift in Sources */ = {isa = PBXBuildFile; fileRef = 46D59BBC1C976261005A2A69 /* ViewController.swift */; };
		46D59BC01C976261005A2A69 /* Main.storyboard in Resources */ = {isa = PBXBuildFile; fileRef = 46D59BBE1C976261005A2A69 /* Main.storyboard */; };
		46D59BC21C976261005A2A69 /* Images.xcassets in Resources */ = {isa = PBXBuildFile; fileRef = 46D59BC11C976261005A2A69 /* Images.xcassets */; };
		46D59BC51C976261005A2A69 /* LaunchScreen.xib in Resources */ = {isa = PBXBuildFile; fileRef = 46D59BC31C976261005A2A69 /* LaunchScreen.xib */; };
		46D59BD11C976261005A2A69 /* Excer3Tests.swift in Sources */ = {isa = PBXBuildFile; fileRef = 46D59BD01C976261005A2A69 /* Excer3Tests.swift */; };
/* End PBXBuildFile section */

/* Begin PBXContainerItemProxy section */
		46D59BCB1C976261005A2A69 /* PBXContainerItemProxy */ = {
			isa = PBXContainerItemProxy;
			containerPortal = 46D59BAD1C976261005A2A69 /* Project object */;
			proxyType = 1;
			remoteGlobalIDString = 46D59BB41C976261005A2A69;
			remoteInfo = Excer3;
		};
/* End PBXContainerItemProxy section */

/* Begin PBXFileReference section */
		46D59BB51C976261005A2A69 /* Excer3.app */ = {isa = PBXFileReference; explicitFileType = wrapper.application; includeInIndex = 0; path = Excer3.app; sourceTree = BUILT_PRODUCTS_DIR; };
		46D59BB91C976261005A2A69 /* Info.plist */ = {isa = PBXFileReference; lastKnownFileType = text.plist.xml; path = Info.plist; sourceTree = "<group>"; };
		46D59BBA1C976261005A2A69 /* AppDelegate.swift */ = {isa = PBXFileReference; lastKnownFileType = sourcecode.swift; path = AppDelegate.swift; sourceTree = "<group>"; };
		46D59BBC1C976261005A2A69 /* ViewController.swift */ = {isa = PBXFileReference; lastKnownFileType = sourcecode.swift; path = ViewController.swift; sourceTree = "<group>"; };
		46D59BBF1C976261005A2A69 /* Base */ = {isa = PBXFileReference; lastKnownFileType = file.storyboard; name = Base; path = Base.lproj/Main.storyboard; sourceTree = "<group>"; };
		46D59BC11C976261005A2A69 /* Images.xcassets */ = {isa = PBXFileReference; lastKnownFileType = folder.assetcatalog; path = Images.xcassets; sourceTree = "<group>"; };
		46D59BC41C976261005A2A69 /* Base */ = {isa = PBXFileReference; lastKnownFileType = file.xib; name = Base; path = Base.lproj/LaunchScreen.xib; sourceTree = "<group>"; };
		46D59BCA1C976261005A2A69 /* Excer3Tests.xctest */ = {isa = PBXFileReference; explicitFileType = wrapper.cfbundle; includeInIndex = 0; path = Excer3Tests.xctest; sourceTree = BUILT_PRODUCTS_DIR; };
		46D59BCF1C976261005A2A69 /* Info.plist */ = {isa = PBXFileReference; lastKnownFileType = text.plist.xml; path = Info.plist; sourceTree = "<group>"; };
		46D59BD01C976261005A2A69 /* Excer3Tests.swift */ = {isa = PBXFileReference; lastKnownFileType = sourcecode.swift; path = Excer3Tests.swift; sourceTree = "<group>"; };
/* End PBXFileReference section */

/* Begin PBXFrameworksBuildPhase section */
		46D59BB21C976261005A2A69 /* Frameworks */ = {
			isa = PBXFrameworksBuildPhase;
			buildActionMask = 2147483647;
			files = (
			);
			runOnlyForDeploymentPostprocessing = 0;
		};
		46D59BC71C976261005A2A69 /* Frameworks */ = {
			isa = PBXFrameworksBuildPhase;
			buildActionMask = 2147483647;
			files = (
			);
			runOnlyForDeploymentPostprocessing = 0;
		};
/* End PBXFrameworksBuildPhase section */

/* Begin PBXGroup section */
		46D59BAC1C976261005A2A69 = {
			isa = PBXGroup;
			children = (
				46D59BB71C976261005A2A69 /* Excer3 */,
				46D59BCD1C976261005A2A69 /* Excer3Tests */,
				46D59BB61C976261005A2A69 /* Products */,
			);
			sourceTree = "<group>";
		};
		46D59BB61C976261005A2A69 /* Products */ = {
			isa = PBXGroup;
			children = (
				46D59BB51C976261005A2A69 /* Excer3.app */,
				46D59BCA1C976261005A2A69 /* Excer3Tests.xctest */,
			);
			name = Products;
			sourceTree = "<group>";
		};
		46D59BB71C976261005A2A69 /* Excer3 */ = {
			isa = PBXGroup;
			children = (
				46D59BBA1C976261005A2A69 /* AppDelegate.swift */,
				46D59BBC1C976261005A2A69 /* ViewController.swift */,
				46D59BBE1C976261005A2A69 /* Main.storyboard */,
				46D59BC11C976261005A2A69 /* Images.xcassets */,
				46D59BC31C976261005A2A69 /* LaunchScreen.xib */,
				46D59BB81C976261005A2A69 /* Supporting Files */,
			);
			path = Excer3;
			sourceTree = "<group>";
		};
		46D59BB81C976261005A2A69 /* Supporting Files */ = {
			isa = PBXGroup;
			children = (
				46D59BB91C976261005A2A69 /* Info.plist */,
			);
			name = "Supporting Files";
			sourceTree = "<group>";
		};
		46D59BCD1C976261005A2A69 /* Excer3Tests */ = {
			isa = PBXGroup;
			children = (
				46D59BD01C976261005A2A69 /* Excer3Tests.swift */,
				46D59BCE1C976261005A2A69 /* Supporting Files */,
			);
			path = Excer3Tests;
			sourceTree = "<group>";
		};
		46D59BCE1C976261005A2A69 /* Supporting Files */ = {
			isa = PBXGroup;
			children = (
				46D59BCF1C976261005A2A69 /* Info.plist */,
			);
			name = "Supporting Files";
			sourceTree = "<group>";
		};
/* End PBXGroup section */

/* Begin PBXNativeTarget section */
		46D59BB41C976261005A2A69 /* Excer3 */ = {
			isa = PBXNativeTarget;
			buildConfigurationList = 46D59BD41C976261005A2A69 /* Build configuration list for PBXNativeTarget "Excer3" */;
			buildPhases = (
				46D59BB11C976261005A2A69 /* Sources */,
				46D59BB21C976261005A2A69 /* Frameworks */,
				46D59BB31C976261005A2A69 /* Resources */,
			);
			buildRules = (
			);
			dependencies = (
			);
			name = Excer3;
			productName = Excer3;
			productReference = 46D59BB51C976261005A2A69 /* Excer3.app */;
			productType = "com.apple.product-type.application";
		};
		46D59BC91C976261005A2A69 /* Excer3Tests */ = {
			isa = PBXNativeTarget;
			buildConfigurationList = 46D59BD71C976261005A2A69 /* Build configuration list for PBXNativeTarget "Excer3Tests" */;
			buildPhases = (
				46D59BC61C976261005A2A69 /* Sources */,
				46D59BC71C976261005A2A69 /* Frameworks */,
				46D59BC81C976261005A2A69 /* Resources */,
			);
			buildRules = (
			);
			dependencies = (
				46D59BCC1C976261005A2A69 /* PBXTargetDependency */,
			);
			name = Excer3Tests;
			productName = Excer3Tests;
			productReference = 46D59BCA1C976261005A2A69 /* Excer3Tests.xctest */;
			productType = "com.apple.product-type.bundle.unit-test";
		};
/* End PBXNativeTarget section */

/* Begin PBXProject section */
		46D59BAD1C976261005A2A69 /* Project object */ = {
			isa = PBXProject;
			attributes = {
				LastSwiftMigration = 0730;
				LastSwiftUpdateCheck = 0730;
				LastUpgradeCheck = 0630;
				ORGANIZATIONNAME = macadmin;
				TargetAttributes = {
					46D59BB41C976261005A2A69 = {
						CreatedOnToolsVersion = 6.3;
						LastSwiftMigration = 0800;
					};
					46D59BC91C976261005A2A69 = {
						CreatedOnToolsVersion = 6.3;
						LastSwiftMigration = 0800;
						TestTargetID = 46D59BB41C976261005A2A69;
					};
				};
			};
			buildConfigurationList = 46D59BB01C976261005A2A69 /* Build configuration list for PBXProject "Excer3" */;
			compatibilityVersion = "Xcode 3.2";
			developmentRegion = English;
			hasScannedForEncodings = 0;
			knownRegions = (
				en,
				Base,
			);
			mainGroup = 46D59BAC1C976261005A2A69;
			productRefGroup = 46D59BB61C976261005A2A69 /* Products */;
			projectDirPath = "";
			projectRoot = "";
			targets = (
				46D59BB41C976261005A2A69 /* Excer3 */,
				46D59BC91C976261005A2A69 /* Excer3Tests */,
			);
		};
/* End PBXProject section */

/* Begin PBXResourcesBuildPhase section */
		46D59BB31C976261005A2A69 /* Resources */ = {
			isa = PBXResourcesBuildPhase;
			buildActionMask = 2147483647;
			files = (
				46D59BC01C976261005A2A69 /* Main.storyboard in Resources */,
				46D59BC51C976261005A2A69 /* LaunchScreen.xib in Resources */,
				46D59BC21C976261005A2A69 /* Images.xcassets in Resources */,
			);
			runOnlyForDeploymentPostprocessing = 0;
		};
		46D59BC81C976261005A2A69 /* Resources */ = {
			isa = PBXResourcesBuildPhase;
			buildActionMask = 2147483647;
			files = (
			);
			runOnlyForDeploymentPostprocessing = 0;
		};
/* End PBXResourcesBuildPhase section */

/* Begin PBXSourcesBuildPhase section */
		46D59BB11C976261005A2A69 /* Sources */ = {
			isa = PBXSourcesBuildPhase;
			buildActionMask = 2147483647;
			files = (
				46D59BBD1C976261005A2A69 /* ViewController.swift in Sources */,
				46D59BBB1C976261005A2A69 /* AppDelegate.swift in Sources */,
			);
			runOnlyForDeploymentPostprocessing = 0;
		};
		46D59BC61C976261005A2A69 /* Sources */ = {
			isa = PBXSourcesBuildPhase;
			buildActionMask = 2147483647;
			files = (
				46D59BD11C976261005A2A69 /* Excer3Tests.swift in Sources */,
			);
			runOnlyForDeploymentPostprocessing = 0;
		};
/* End PBXSourcesBuildPhase section */

/* Begin PBXTargetDependency section */
		46D59BCC1C976261005A2A69 /* PBXTargetDependency */ = {
			isa = PBXTargetDependency;
			target = 46D59BB41C976261005A2A69 /* Excer3 */;
			targetProxy = 46D59BCB1C976261005A2A69 /* PBXContainerItemProxy */;
		};
/* End PBXTargetDependency section */

/* Begin PBXVariantGroup section */
		46D59BBE1C976261005A2A69 /* Main.storyboard */ = {
			isa = PBXVariantGroup;
			children = (
				46D59BBF1C976261005A2A69 /* Base */,
			);
			name = Main.storyboard;
			sourceTree = "<group>";
		};
		46D59BC31C976261005A2A69 /* LaunchScreen.xib */ = {
			isa = PBXVariantGroup;
			children = (
				46D59BC41C976261005A2A69 /* Base */,
			);
			name = LaunchScreen.xib;
			sourceTree = "<group>";
		};
/* End PBXVariantGroup section */

/* Begin XCBuildConfiguration section */
		46D59BD21C976261005A2A69 /* Debug */ = {
			isa = XCBuildConfiguration;
			buildSettings = {
				ALWAYS_SEARCH_USER_PATHS = NO;
				CLANG_CXX_LANGUAGE_STANDARD = "gnu++0x";
				CLANG_CXX_LIBRARY = "libc++";
				CLANG_ENABLE_MODULES = YES;
				CLANG_ENABLE_OBJC_ARC = YES;
				CLANG_WARN_BOOL_CONVERSION = YES;
				CLANG_WARN_CONSTANT_CONVERSION = YES;
				CLANG_WARN_DIRECT_OBJC_ISA_USAGE = YES_ERROR;
				CLANG_WARN_EMPTY_BODY = YES;
				CLANG_WARN_ENUM_CONVERSION = YES;
				CLANG_WARN_INT_CONVERSION = YES;
				CLANG_WARN_OBJC_ROOT_CLASS = YES_ERROR;
				CLANG_WARN_UNREACHABLE_CODE = YES;
				CLANG_WARN__DUPLICATE_METHOD_MATCH = YES;
				"CODE_SIGN_IDENTITY[sdk=iphoneos*]" = "iPhone Developer";
				COPY_PHASE_STRIP = NO;
				DEBUG_INFORMATION_FORMAT = "dwarf-with-dsym";
				ENABLE_STRICT_OBJC_MSGSEND = YES;
				GCC_C_LANGUAGE_STANDARD = gnu99;
				GCC_DYNAMIC_NO_PIC = NO;
				GCC_NO_COMMON_BLOCKS = YES;
				GCC_OPTIMIZATION_LEVEL = 0;
				GCC_PREPROCESSOR_DEFINITIONS = (
					"DEBUG=1",
					"$(inherited)",
				);
				GCC_SYMBOLS_PRIVATE_EXTERN = NO;
				GCC_WARN_64_TO_32_BIT_CONVERSION = YES;
				GCC_WARN_ABOUT_RETURN_TYPE = YES_ERROR;
				GCC_WARN_UNDECLARED_SELECTOR = YES;
				GCC_WARN_UNINITIALIZED_AUTOS = YES_AGGRESSIVE;
				GCC_WARN_UNUSED_FUNCTION = YES;
				GCC_WARN_UNUSED_VARIABLE = YES;
				IPHONEOS_DEPLOYMENT_TARGET = 8.3;
				MTL_ENABLE_DEBUG_INFO = YES;
				ONLY_ACTIVE_ARCH = YES;
				SDKROOT = iphoneos;
				SWIFT_OPTIMIZATION_LEVEL = "-Onone";
			};
			name = Debug;
		};
		46D59BD31C976261005A2A69 /* Release */ = {
			isa = XCBuildConfiguration;
			buildSettings = {
				ALWAYS_SEARCH_USER_PATHS = NO;
				CLANG_CXX_LANGUAGE_STANDARD = "gnu++0x";
				CLANG_CXX_LIBRARY = "libc++";
				CLANG_ENABLE_MODULES = YES;
				CLANG_ENABLE_OBJC_ARC = YES;
				CLANG_WARN_BOOL_CONVERSION = YES;
				CLANG_WARN_CONSTANT_CONVERSION = YES;
				CLANG_WARN_DIRECT_OBJC_ISA_USAGE = YES_ERROR;
				CLANG_WARN_EMPTY_BODY = YES;
				CLANG_WARN_ENUM_CONVERSION = YES;
				CLANG_WARN_INT_CONVERSION = YES;
				CLANG_WARN_OBJC_ROOT_CLASS = YES_ERROR;
				CLANG_WARN_UNREACHABLE_CODE = YES;
				CLANG_WARN__DUPLICATE_METHOD_MATCH = YES;
				"CODE_SIGN_IDENTITY[sdk=iphoneos*]" = "iPhone Developer";
				COPY_PHASE_STRIP = NO;
				DEBUG_INFORMATION_FORMAT = "dwarf-with-dsym";
				ENABLE_NS_ASSERTIONS = NO;
				ENABLE_STRICT_OBJC_MSGSEND = YES;
				GCC_C_LANGUAGE_STANDARD = gnu99;
				GCC_NO_COMMON_BLOCKS = YES;
				GCC_WARN_64_TO_32_BIT_CONVERSION = YES;
				GCC_WARN_ABOUT_RETURN_TYPE = YES_ERROR;
				GCC_WARN_UNDECLARED_SELECTOR = YES;
				GCC_WARN_UNINITIALIZED_AUTOS = YES_AGGRESSIVE;
				GCC_WARN_UNUSED_FUNCTION = YES;
				GCC_WARN_UNUSED_VARIABLE = YES;
				IPHONEOS_DEPLOYMENT_TARGET = 8.3;
				MTL_ENABLE_DEBUG_INFO = NO;
				SDKROOT = iphoneos;
				VALIDATE_PRODUCT = YES;
			};
			name = Release;
		};
		46D59BD51C976261005A2A69 /* Debug */ = {
			isa = XCBuildConfiguration;
			buildSettings = {
				ASSETCATALOG_COMPILER_APPICON_NAME = AppIcon;
				INFOPLIST_FILE = Excer3/Info.plist;
				LD_RUNPATH_SEARCH_PATHS = "$(inherited) @executable_path/Frameworks";
				PRODUCT_NAME = "$(TARGET_NAME)";
				SWIFT_VERSION = 3.0;
			};
			name = Debug;
		};
		46D59BD61C976261005A2A69 /* Release */ = {
			isa = XCBuildConfiguration;
			buildSettings = {
				ASSETCATALOG_COMPILER_APPICON_NAME = AppIcon;
				INFOPLIST_FILE = Excer3/Info.plist;
				LD_RUNPATH_SEARCH_PATHS = "$(inherited) @executable_path/Frameworks";
				PRODUCT_NAME = "$(TARGET_NAME)";
				SWIFT_VERSION = 3.0;
			};
			name = Release;
		};
		46D59BD81C976261005A2A69 /* Debug */ = {
			isa = XCBuildConfiguration;
			buildSettings = {
				BUNDLE_LOADER = "$(TEST_HOST)";
				FRAMEWORK_SEARCH_PATHS = (
					"$(SDKROOT)/Developer/Library/Frameworks",
					"$(inherited)",
				);
				GCC_PREPROCESSOR_DEFINITIONS = (
					"DEBUG=1",
					"$(inherited)",
				);
				INFOPLIST_FILE = Excer3Tests/Info.plist;
				LD_RUNPATH_SEARCH_PATHS = "$(inherited) @executable_path/Frameworks @loader_path/Frameworks";
				PRODUCT_NAME = "$(TARGET_NAME)";
				SWIFT_VERSION = 3.0;
				TEST_HOST = "$(BUILT_PRODUCTS_DIR)/Excer3.app/Excer3";
			};
			name = Debug;
		};
		46D59BD91C976261005A2A69 /* Release */ = {
			isa = XCBuildConfiguration;
			buildSettings = {
				BUNDLE_LOADER = "$(TEST_HOST)";
				FRAMEWORK_SEARCH_PATHS = (
					"$(SDKROOT)/Developer/Library/Frameworks",
					"$(inherited)",
				);
				INFOPLIST_FILE = Excer3Tests/Info.plist;
				LD_RUNPATH_SEARCH_PATHS = "$(inherited) @executable_path/Frameworks @loader_path/Frameworks";
				PRODUCT_NAME = "$(TARGET_NAME)";
				SWIFT_VERSION = 3.0;
				TEST_HOST = "$(BUILT_PRODUCTS_DIR)/Excer3.app/Excer3";
			};
			name = Release;
		};
/* End XCBuildConfiguration section */

/* Begin XCConfigurationList section */
		46D59BB01C976261005A2A69 /* Build configuration list for PBXProject "Excer3" */ = {
			isa = XCConfigurationList;
			buildConfigurations = (
				46D59BD21C976261005A2A69 /* Debug */,
				46D59BD31C976261005A2A69 /* Release */,
			);
			defaultConfigurationIsVisible = 0;
			defaultConfigurationName = Release;
		};
		46D59BD41C976261005A2A69 /* Build configuration list for PBXNativeTarget "Excer3" */ = {
			isa = XCConfigurationList;
			buildConfigurations = (
				46D59BD51C976261005A2A69 /* Debug */,
				46D59BD61C976261005A2A69 /* Release */,
			);
			defaultConfigurationIsVisible = 0;
			defaultConfigurationName = Release;
		};
		46D59BD71C976261005A2A69 /* Build configuration list for PBXNativeTarget "Excer3Tests" */ = {
			isa = XCConfigurationList;
			buildConfigurations = (
				46D59BD81C976261005A2A69 /* Debug */,
				46D59BD91C976261005A2A69 /* Release */,
			);
			defaultConfigurationIsVisible = 0;
			defaultConfigurationName = Release;
		};
/* End XCConfigurationList section */
	};
	rootObject = 46D59BAD1C976261005A2A69 /* Project object */;
}
